
Microsoft Visual Studio Solution File, Format Version 12.00
# Visual Studio 2015
Project("{FAE04EC0-301F-11D3-BF4B-00C04F79EFBC}") = "MonopolySim.CSharp", "MonopolySim.CSharp.csproj", "{B6FF4889-78D6-FFD6-6D39-1ECE636E2840}"
EndProject
Global
	GlobalSection(SolutionConfigurationPlatforms) = preSolution
		Debug|Any CPU = Debug|Any CPU
		Release|Any CPU = Release|Any CPU
	EndGlobalSection
	GlobalSection(ProjectConfigurationPlatforms) = postSolution
		{B6FF4889-78D6-FFD6-6D39-1ECE636E2840}.Debug|Any CPU.ActiveCfg = Debug|Any CPU
		{B6FF4889-78D6-FFD6-6D39-1ECE636E2840}.Debug|Any CPU.Build.0 = Debug|Any CPU
		{B6FF4889-78D6-FFD6-6D39-1ECE636E2840}.Release|Any CPU.ActiveCfg = Release|Any CPU
		{B6FF4889-78D6-FFD6-6D39-1ECE636E2840}.Release|Any CPU.Build.0 = Release|Any CPU
	EndGlobalSection
	GlobalSection(SolutionProperties) = preSolution
		HideSolutionNode = FALSE
	EndGlobalSection
EndGlobal
